// !$*UTF8*$!
{
	archiveVersion = 1;
	classes = {
	};
	objectVersion = 46;
	objects = {

/* Begin PBXBuildFile section */
		139DB3071CD060770047671D /* AppDelegate.swift in Sources */ = {isa = PBXBuildFile; fileRef = 139DB3061CD060770047671D /* AppDelegate.swift */; };
		139DB3091CD060770047671D /* ViewController.swift in Sources */ = {isa = PBXBuildFile; fileRef = 139DB3081CD060770047671D /* ViewController.swift */; };
		139DB30C1CD060770047671D /* Main.storyboard in Resources */ = {isa = PBXBuildFile; fileRef = 139DB30A1CD060770047671D /* Main.storyboard */; };
		139DB30E1CD060770047671D /* Assets.xcassets in Resources */ = {isa = PBXBuildFile; fileRef = 139DB30D1CD060770047671D /* Assets.xcassets */; };
		139DB3111CD060770047671D /* LaunchScreen.storyboard in Resources */ = {isa = PBXBuildFile; fileRef = 139DB30F1CD060770047671D /* LaunchScreen.storyboard */; };
		139DB31C1CD060770047671D /* _3_Swift___OCTests.swift in Sources */ = {isa = PBXBuildFile; fileRef = 139DB31B1CD060770047671D /* _3_Swift___OCTests.swift */; };
		139DB3271CD060770047671D /* _3_Swift___OCUITests.swift in Sources */ = {isa = PBXBuildFile; fileRef = 139DB3261CD060770047671D /* _3_Swift___OCUITests.swift */; };
		139DB3371CD060C60047671D /* CustomView.m in Sources */ = {isa = PBXBuildFile; fileRef = 139DB3361CD060C60047671D /* CustomView.m */; };
/* End PBXBuildFile section */

/* Begin PBXContainerItemProxy section */
		139DB3181CD060770047671D /* PBXContainerItemProxy */ = {
			isa = PBXContainerItemProxy;
			containerPortal = 139DB2FB1CD060770047671D /* Project object */;
			proxyType = 1;
			remoteGlobalIDString = 139DB3021CD060770047671D;
			remoteInfo = "03-Swift中调用OC";
		};
		139DB3231CD060770047671D /* PBXContainerItemProxy */ = {
			isa = PBXContainerItemProxy;
			containerPortal = 139DB2FB1CD060770047671D /* Project object */;
			proxyType = 1;
			remoteGlobalIDString = 139DB3021CD060770047671D;
			remoteInfo = "03-Swift中调用OC";
		};
/* End PBXContainerItemProxy section */

/* Begin PBXFileReference section */
		139DB3031CD060770047671D /* 03-Swift中调用OC.app */ = {isa = PBXFileReference; explicitFileType = wrapper.application; includeInIndex = 0; path = "03-Swift中调用OC.app"; sourceTree = BUILT_PRODUCTS_DIR; };
		139DB3061CD060770047671D /* AppDelegate.swift */ = {isa = PBXFileReference; lastKnownFileType = sourcecode.swift; path = AppDelegate.swift; sourceTree = "<group>"; };
		139DB3081CD060770047671D /* ViewController.swift */ = {isa = PBXFileReference; lastKnownFileType = sourcecode.swift; path = ViewController.swift; sourceTree = "<group>"; };
		139DB30B1CD060770047671D /* Base */ = {isa = PBXFileReference; lastKnownFileType = file.storyboard; name = Base; path = Base.lproj/Main.storyboard; sourceTree = "<group>"; };
		139DB30D1CD060770047671D /* Assets.xcassets */ = {isa = PBXFileReference; lastKnownFileType = folder.assetcatalog; path = Assets.xcassets; sourceTree = "<group>"; };
		139DB3101CD060770047671D /* Base */ = {isa = PBXFileReference; lastKnownFileType = file.storyboard; name = Base; path = Base.lproj/LaunchScreen.storyboard; sourceTree = "<group>"; };
		139DB3121CD060770047671D /* Info.plist */ = {isa = PBXFileReference; lastKnownFileType = text.plist.xml; path = Info.plist; sourceTree = "<group>"; };
		139DB3171CD060770047671D /* 03-Swift中调用OCTests.xctest */ = {isa = PBXFileReference; explicitFileType = wrapper.cfbundle; includeInIndex = 0; path = "03-Swift中调用OCTests.xctest"; sourceTree = BUILT_PRODUCTS_DIR; };
		139DB31B1CD060770047671D /* _3_Swift___OCTests.swift */ = {isa = PBXFileReference; lastKnownFileType = sourcecode.swift; path = "_3_Swift___OCTests.swift"; sourceTree = "<group>"; };
		139DB31D1CD060770047671D /* Info.plist */ = {isa = PBXFileReference; lastKnownFileType = text.plist.xml; path = Info.plist; sourceTree = "<group>"; };
		139DB3221CD060770047671D /* 03-Swift中调用OCUITests.xctest */ = {isa = PBXFileReference; explicitFileType = wrapper.cfbundle; includeInIndex = 0; path = "03-Swift中调用OCUITests.xctest"; sourceTree = BUILT_PRODUCTS_DIR; };
		139DB3261CD060770047671D /* _3_Swift___OCUITests.swift */ = {isa = PBXFileReference; lastKnownFileType = sourcecode.swift; path = "_3_Swift___OCUITests.swift"; sourceTree = "<group>"; };
		139DB3281CD060770047671D /* Info.plist */ = {isa = PBXFileReference; lastKnownFileType = text.plist.xml; path = Info.plist; sourceTree = "<group>"; };
		139DB3341CD060C50047671D /* 03-Swift中调用OC-Bridging-Header.h */ = {isa = PBXFileReference; lastKnownFileType = sourcecode.c.h; path = "03-Swift中调用OC-Bridging-Header.h"; sourceTree = "<group>"; };
		139DB3351CD060C60047671D /* CustomView.h */ = {isa = PBXFileReference; fileEncoding = 4; lastKnownFileType = sourcecode.c.h; path = CustomView.h; sourceTree = "<group>"; };
		139DB3361CD060C60047671D /* CustomView.m */ = {isa = PBXFileReference; fileEncoding = 4; lastKnownFileType = sourcecode.c.objc; path = CustomView.m; sourceTree = "<group>"; };
/* End PBXFileReference section */

/* Begin PBXFrameworksBuildPhase section */
		139DB3001CD060770047671D /* Frameworks */ = {
			isa = PBXFrameworksBuildPhase;
			buildActionMask = 2147483647;
			files = (
			);
			runOnlyForDeploymentPostprocessing = 0;
		};
		139DB3141CD060770047671D /* Frameworks */ = {
			isa = PBXFrameworksBuildPhase;
			buildActionMask = 2147483647;
			files = (
			);
			runOnlyForDeploymentPostprocessing = 0;
		};
		139DB31F1CD060770047671D /* Frameworks */ = {
			isa = PBXFrameworksBuildPhase;
			buildActionMask = 2147483647;
			files = (
			);
			runOnlyForDeploymentPostprocessing = 0;
		};
/* End PBXFrameworksBuildPhase section */

/* Begin PBXGroup section */
		139DB2FA1CD060770047671D = {
			isa = PBXGroup;
			children = (
				139DB3051CD060770047671D /* 03-Swift中调用OC */,
				139DB31A1CD060770047671D /* 03-Swift中调用OCTests */,
				139DB3251CD060770047671D /* 03-Swift中调用OCUITests */,
				139DB3041CD060770047671D /* Products */,
			);
			sourceTree = "<group>";
		};
		139DB3041CD060770047671D /* Products */ = {
			isa = PBXGroup;
			children = (
				139DB3031CD060770047671D /* 03-Swift中调用OC.app */,
				139DB3171CD060770047671D /* 03-Swift中调用OCTests.xctest */,
				139DB3221CD060770047671D /* 03-Swift中调用OCUITests.xctest */,
			);
			name = Products;
			sourceTree = "<group>";
		};
		139DB3051CD060770047671D /* 03-Swift中调用OC */ = {
			isa = PBXGroup;
			children = (
				139DB3061CD060770047671D /* AppDelegate.swift */,
				139DB3081CD060770047671D /* ViewController.swift */,
				139DB3351CD060C60047671D /* CustomView.h */,
				139DB3361CD060C60047671D /* CustomView.m */,
				139DB30A1CD060770047671D /* Main.storyboard */,
				139DB30D1CD060770047671D /* Assets.xcassets */,
				139DB30F1CD060770047671D /* LaunchScreen.storyboard */,
				139DB3121CD060770047671D /* Info.plist */,
				139DB3341CD060C50047671D /* 03-Swift中调用OC-Bridging-Header.h */,
			);
			path = "03-Swift中调用OC";
			sourceTree = "<group>";
		};
		139DB31A1CD060770047671D /* 03-Swift中调用OCTests */ = {
			isa = PBXGroup;
			children = (
				139DB31B1CD060770047671D /* _3_Swift___OCTests.swift */,
				139DB31D1CD060770047671D /* Info.plist */,
			);
			path = "03-Swift中调用OCTests";
			sourceTree = "<group>";
		};
		139DB3251CD060770047671D /* 03-Swift中调用OCUITests */ = {
			isa = PBXGroup;
			children = (
				139DB3261CD060770047671D /* _3_Swift___OCUITests.swift */,
				139DB3281CD060770047671D /* Info.plist */,
			);
			path = "03-Swift中调用OCUITests";
			sourceTree = "<group>";
		};
/* End PBXGroup section */

/* Begin PBXNativeTarget section */
		139DB3021CD060770047671D /* 03-Swift中调用OC */ = {
			isa = PBXNativeTarget;
			buildConfigurationList = 139DB32B1CD060770047671D /* Build configuration list for PBXNativeTarget "03-Swift中调用OC" */;
			buildPhases = (
				139DB2FF1CD060770047671D /* Sources */,
				139DB3001CD060770047671D /* Frameworks */,
				139DB3011CD060770047671D /* Resources */,
			);
			buildRules = (
			);
			dependencies = (
			);
			name = "03-Swift中调用OC";
			productName = "03-Swift中调用OC";
			productReference = 139DB3031CD060770047671D /* 03-Swift中调用OC.app */;
			productType = "com.apple.product-type.application";
		};
		139DB3161CD060770047671D /* 03-Swift中调用OCTests */ = {
			isa = PBXNativeTarget;
			buildConfigurationList = 139DB32E1CD060770047671D /* Build configuration list for PBXNativeTarget "03-Swift中调用OCTests" */;
			buildPhases = (
				139DB3131CD060770047671D /* Sources */,
				139DB3141CD060770047671D /* Frameworks */,
				139DB3151CD060770047671D /* Resources */,
			);
			buildRules = (
			);
			dependencies = (
				139DB3191CD060770047671D /* PBXTargetDependency */,
			);
			name = "03-Swift中调用OCTests";
			productName = "03-Swift中调用OCTests";
			productReference = 139DB3171CD060770047671D /* 03-Swift中调用OCTests.xctest */;
			productType = "com.apple.product-type.bundle.unit-test";
		};
		139DB3211CD060770047671D /* 03-Swift中调用OCUITests */ = {
			isa = PBXNativeTarget;
			buildConfigurationList = 139DB3311CD060770047671D /* Build configuration list for PBXNativeTarget "03-Swift中调用OCUITests" */;
			buildPhases = (
				139DB31E1CD060770047671D /* Sources */,
				139DB31F1CD060770047671D /* Frameworks */,
				139DB3201CD060770047671D /* Resources */,
			);
			buildRules = (
			);
			dependencies = (
				139DB3241CD060770047671D /* PBXTargetDependency */,
			);
			name = "03-Swift中调用OCUITests";
			productName = "03-Swift中调用OCUITests";
			productReference = 139DB3221CD060770047671D /* 03-Swift中调用OCUITests.xctest */;
			productType = "com.apple.product-type.bundle.ui-testing";
		};
/* End PBXNativeTarget section */

/* Begin PBXProject section */
		139DB2FB1CD060770047671D /* Project object */ = {
			isa = PBXProject;
			attributes = {
				LastSwiftUpdateCheck = 0720;
				LastUpgradeCheck = 0720;
				ORGANIZATIONNAME = andezhou;
				TargetAttributes = {
					139DB3021CD060770047671D = {
						CreatedOnToolsVersion = 7.2.1;
					};
					139DB3161CD060770047671D = {
						CreatedOnToolsVersion = 7.2.1;
						TestTargetID = 139DB3021CD060770047671D;
					};
					139DB3211CD060770047671D = {
						CreatedOnToolsVersion = 7.2.1;
						TestTargetID = 139DB3021CD060770047671D;
					};
				};
			};
			buildConfigurationList = 139DB2FE1CD060770047671D /* Build configuration list for PBXProject "03-Swift中调用OC" */;
			compatibilityVersion = "Xcode 3.2";
			developmentRegion = English;
			hasScannedForEncodings = 0;
			knownRegions = (
				en,
				Base,
			);
			mainGroup = 139DB2FA1CD060770047671D;
			productRefGroup = 139DB3041CD060770047671D /* Products */;
			projectDirPath = "";
			projectRoot = "";
			targets = (
				139DB3021CD060770047671D /* 03-Swift中调用OC */,
				139DB3161CD060770047671D /* 03-Swift中调用OCTests */,
				139DB3211CD060770047671D /* 03-Swift中调用OCUITests */,
			);
		};
/* End PBXProject section */

/* Begin PBXResourcesBuildPhase section */
		139DB3011CD060770047671D /* Resources */ = {
			isa = PBXResourcesBuildPhase;
			buildActionMask = 2147483647;
			files = (
				139DB3111CD060770047671D /* LaunchScreen.storyboard in Resources */,
				139DB30E1CD060770047671D /* Assets.xcassets in Resources */,
				139DB30C1CD060770047671D /* Main.storyboard in Resources */,
			);
			runOnlyForDeploymentPostprocessing = 0;
		};
		139DB3151CD060770047671D /* Resources */ = {
			isa = PBXResourcesBuildPhase;
			buildActionMask = 2147483647;
			files = (
			);
			runOnlyForDeploymentPostprocessing = 0;
		};
		139DB3201CD060770047671D /* Resources */ = {
			isa = PBXResourcesBuildPhase;
			buildActionMask = 2147483647;
			files = (
			);
			runOnlyForDeploymentPostprocessing = 0;
		};
/* End PBXResourcesBuildPhase section */

/* Begin PBXSourcesBuildPhase section */
		139DB2FF1CD060770047671D /* Sources */ = {
			isa = PBXSourcesBuildPhase;
			buildActionMask = 2147483647;
			files = (
				139DB3091CD060770047671D /* ViewController.swift in Sources */,
				139DB3071CD060770047671D /* AppDelegate.swift in Sources */,
				139DB3371CD060C60047671D /* CustomView.m in Sources */,
			);
			runOnlyForDeploymentPostprocessing = 0;
		};
		139DB3131CD060770047671D /* Sources */ = {
			isa = PBXSourcesBuildPhase;
			buildActionMask = 2147483647;
			files = (
				139DB31C1CD060770047671D /* _3_Swift___OCTests.swift in Sources */,
			);
			runOnlyForDeploymentPostprocessing = 0;
		};
		139DB31E1CD060770047671D /* Sources */ = {
			isa = PBXSourcesBuildPhase;
			buildActionMask = 2147483647;
			files = (
				139DB3271CD060770047671D /* _3_Swift___OCUITests.swift in Sources */,
			);
			runOnlyForDeploymentPostprocessing = 0;
		};
/* End PBXSourcesBuildPhase section */

/* Begin PBXTargetDependency section */
		139DB3191CD060770047671D /* PBXTargetDependency */ = {
			isa = PBXTargetDependency;
			target = 139DB3021CD060770047671D /* 03-Swift中调用OC */;
			targetProxy = 139DB3181CD060770047671D /* PBXContainerItemProxy */;
		};
		139DB3241CD060770047671D /* PBXTargetDependency */ = {
			isa = PBXTargetDependency;
			target = 139DB3021CD060770047671D /* 03-Swift中调用OC */;
			targetProxy = 139DB3231CD060770047671D /* PBXContainerItemProxy */;
		};
/* End PBXTargetDependency section */

/* Begin PBXVariantGroup section */
		139DB30A1CD060770047671D /* Main.storyboard */ = {
			isa = PBXVariantGroup;
			children = (
				139DB30B1CD060770047671D /* Base */,
			);
			name = Main.storyboard;
			sourceTree = "<group>";
		};
		139DB30F1CD060770047671D /* LaunchScreen.storyboard */ = {
			isa = PBXVariantGroup;
			children = (
				139DB3101CD060770047671D /* Base */,
			);
			name = LaunchScreen.storyboard;
			sourceTree = "<group>";
		};
/* End PBXVariantGroup section */

/* Begin XCBuildConfiguration section */
		139DB3291CD060770047671D /* Debug */ = {
			isa = XCBuildConfiguration;
			buildSettings = {
				ALWAYS_SEARCH_USER_PATHS = NO;
				CLANG_CXX_LANGUAGE_STANDARD = "gnu++0x";
				CLANG_CXX_LIBRARY = "libc++";
				CLANG_ENABLE_MODULES = YES;
				CLANG_ENABLE_OBJC_ARC = YES;
				CLANG_WARN_BOOL_CONVERSION = YES;
				CLANG_WARN_CONSTANT_CONVERSION = YES;
				CLANG_WARN_DIRECT_OBJC_ISA_USAGE = YES_ERROR;
				CLANG_WARN_EMPTY_BODY = YES;
				CLANG_WARN_ENUM_CONVERSION = YES;
				CLANG_WARN_INT_CONVERSION = YES;
				CLANG_WARN_OBJC_ROOT_CLASS = YES_ERROR;
				CLANG_WARN_UNREACHABLE_CODE = YES;
				CLANG_WARN__DUPLICATE_METHOD_MATCH = YES;
				"CODE_SIGN_IDENTITY[sdk=iphoneos*]" = "iPhone Developer";
				COPY_PHASE_STRIP = NO;
				DEBUG_INFORMATION_FORMAT = dwarf;
				ENABLE_STRICT_OBJC_MSGSEND = YES;
				ENABLE_TESTABILITY = YES;
				GCC_C_LANGUAGE_STANDARD = gnu99;
				GCC_DYNAMIC_NO_PIC = NO;
				GCC_NO_COMMON_BLOCKS = YES;
				GCC_OPTIMIZATION_LEVEL = 0;
				GCC_PREPROCESSOR_DEFINITIONS = (
					"DEBUG=1",
					"$(inherited)",
				);
				GCC_WARN_64_TO_32_BIT_CONVERSION = YES;
				GCC_WARN_ABOUT_RETURN_TYPE = YES_ERROR;
				GCC_WARN_UNDECLARED_SELECTOR = YES;
				GCC_WARN_UNINITIALIZED_AUTOS = YES_AGGRESSIVE;
				GCC_WARN_UNUSED_FUNCTION = YES;
				GCC_WARN_UNUSED_VARIABLE = YES;
				IPHONEOS_DEPLOYMENT_TARGET = 9.2;
				MTL_ENABLE_DEBUG_INFO = YES;
				ONLY_ACTIVE_ARCH = YES;
				SDKROOT = iphoneos;
				SWIFT_OPTIMIZATION_LEVEL = "-Onone";
			};
			name = Debug;
		};
		139DB32A1CD060770047671D /* Release */ = {
			isa = XCBuildConfiguration;
			buildSettings = {
				ALWAYS_SEARCH_USER_PATHS = NO;
				CLANG_CXX_LANGUAGE_STANDARD = "gnu++0x";
				CLANG_CXX_LIBRARY = "libc++";
				CLANG_ENABLE_MODULES = YES;
				CLANG_ENABLE_OBJC_ARC = YES;
				CLANG_WARN_BOOL_CONVERSION = YES;
				CLANG_WARN_CONSTANT_CONVERSION = YES;
				CLANG_WARN_DIRECT_OBJC_ISA_USAGE = YES_ERROR;
				CLANG_WARN_EMPTY_BODY = YES;
				CLANG_WARN_ENUM_CONVERSION = YES;
				CLANG_WARN_INT_CONVERSION = YES;
				CLANG_WARN_OBJC_ROOT_CLASS = YES_ERROR;
				CLANG_WARN_UNREACHABLE_CODE = YES;
				CLANG_WARN__DUPLICATE_METHOD_MATCH = YES;
				"CODE_SIGN_IDENTITY[sdk=iphoneos*]" = "iPhone Developer";
				COPY_PHASE_STRIP = NO;
				DEBUG_INFORMATION_FORMAT = "dwarf-with-dsym";
				ENABLE_NS_ASSERTIONS = NO;
				ENABLE_STRICT_OBJC_MSGSEND = YES;
				GCC_C_LANGUAGE_STANDARD = gnu99;
				GCC_NO_COMMON_BLOCKS = YES;
				GCC_WARN_64_TO_32_BIT_CONVERSION = YES;
				GCC_WARN_ABOUT_RETURN_TYPE = YES_ERROR;
				GCC_WARN_UNDECLARED_SELECTOR = YES;
				GCC_WARN_UNINITIALIZED_AUTOS = YES_AGGRESSIVE;
				GCC_WARN_UNUSED_FUNCTION = YES;
				GCC_WARN_UNUSED_VARIABLE = YES;
				IPHONEOS_DEPLOYMENT_TARGET = 9.2;
				MTL_ENABLE_DEBUG_INFO = NO;
				SDKROOT = iphoneos;
				VALIDATE_PRODUCT = YES;
			};
			name = Release;
		};
		139DB32C1CD060770047671D /* Debug */ = {
			isa = XCBuildConfiguration;
			buildSettings = {
				ASSETCATALOG_COMPILER_APPICON_NAME = AppIcon;
				CLANG_ENABLE_MODULES = YES;
				INFOPLIST_FILE = "03-Swift中调用OC/Info.plist";
				LD_RUNPATH_SEARCH_PATHS = "$(inherited) @executable_path/Frameworks";
				PRODUCT_BUNDLE_IDENTIFIER = "com.bjsxt.a2.-3-Swift---OC";
				PRODUCT_NAME = "$(TARGET_NAME)";
				SWIFT_OBJC_BRIDGING_HEADER = "03-Swift中调用OC/03-Swift中调用OC-Bridging-Header.h";
				SWIFT_OPTIMIZATION_LEVEL = "-Onone";
			};
			name = Debug;
		};
		139DB32D1CD060770047671D /* Release */ = {
			isa = XCBuildConfiguration;
			buildSettings = {
				ASSETCATALOG_COMPILER_APPICON_NAME = AppIcon;
				CLANG_ENABLE_MODULES = YES;
				INFOPLIST_FILE = "03-Swift中调用OC/Info.plist";
				LD_RUNPATH_SEARCH_PATHS = "$(inherited) @executable_path/Frameworks";
				PRODUCT_BUNDLE_IDENTIFIER = "com.bjsxt.a2.-3-Swift---OC";
				PRODUCT_NAME = "$(TARGET_NAME)";
				SWIFT_OBJC_BRIDGING_HEADER = "03-Swift中调用OC/03-Swift中调用OC-Bridging-Header.h";
			};
			name = Release;
		};
		139DB32F1CD060770047671D /* Debug */ = {
			isa = XCBuildConfiguration;
			buildSettings = {
				BUNDLE_LOADER = "$(TEST_HOST)";
				INFOPLIST_FILE = "03-Swift中调用OCTests/Info.plist";
				LD_RUNPATH_SEARCH_PATHS = "$(inherited) @executable_path/Frameworks @loader_path/Frameworks";
				PRODUCT_BUNDLE_IDENTIFIER = "com.bjsxt.a2.-3-Swift---OCTests";
				PRODUCT_NAME = "$(TARGET_NAME)";
				TEST_HOST = "$(BUILT_PRODUCTS_DIR)/03-Swift中调用OC.app/03-Swift中调用OC";
			};
			name = Debug;
		};
		139DB3301CD060770047671D /* Release */ = {
			isa = XCBuildConfiguration;
			buildSettings = {
				BUNDLE_LOADER = "$(TEST_HOST)";
				INFOPLIST_FILE = "03-Swift中调用OCTests/Info.plist";
				LD_RUNPATH_SEARCH_PATHS = "$(inherited) @executable_path/Frameworks @loader_path/Frameworks";
				PRODUCT_BUNDLE_IDENTIFIER = "com.bjsxt.a2.-3-Swift---OCTests";
				PRODUCT_NAME = "$(TARGET_NAME)";
				TEST_HOST = "$(BUILT_PRODUCTS_DIR)/03-Swift中调用OC.app/03-Swift中调用OC";
			};
			name = Release;
		};
		139DB3321CD060770047671D /* Debug */ = {
			isa = XCBuildConfiguration;
			buildSettings = {
				INFOPLIST_FILE = "03-Swift中调用OCUITests/Info.plist";
				LD_RUNPATH_SEARCH_PATHS = "$(inherited) @executable_path/Frameworks @loader_path/Frameworks";
				PRODUCT_BUNDLE_IDENTIFIER = "com.bjsxt.a2.-3-Swift---OCUITests";
				PRODUCT_NAME = "$(TARGET_NAME)";
				TEST_TARGET_NAME = "03-Swift中调用OC";
				USES_XCTRUNNER = YES;
			};
			name = Debug;
		};
		139DB3331CD060770047671D /* Release */ = {
			isa = XCBuildConfiguration;
			buildSettings = {
				INFOPLIST_FILE = "03-Swift中调用OCUITests/Info.plist";
				LD_RUNPATH_SEARCH_PATHS = "$(inherited) @executable_path/Frameworks @loader_path/Frameworks";
				PRODUCT_BUNDLE_IDENTIFIER = "com.bjsxt.a2.-3-Swift---OCUITests";
				PRODUCT_NAME = "$(TARGET_NAME)";
				TEST_TARGET_NAME = "03-Swift中调用OC";
				USES_XCTRUNNER = YES;
			};
			name = Release;
		};
/* End XCBuildConfiguration section */

/* Begin XCConfigurationList section */
		139DB2FE1CD060770047671D /* Build configuration list for PBXProject "03-Swift中调用OC" */ = {
			isa = XCConfigurationList;
			buildConfigurations = (
				139DB3291CD060770047671D /* Debug */,
				139DB32A1CD060770047671D /* Release */,
			);
			defaultConfigurationIsVisible = 0;
			defaultConfigurationName = Release;
		};
		139DB32B1CD060770047671D /* Build configuration list for PBXNativeTarget "03-Swift中调用OC" */ = {
			isa = XCConfigurationList;
			buildConfigurations = (
				139DB32C1CD060770047671D /* Debug */,
				139DB32D1CD060770047671D /* Release */,
			);
			defaultConfigurationIsVisible = 0;
		};
		139DB32E1CD060770047671D /* Build configuration list for PBXNativeTarget "03-Swift中调用OCTests" */ = {
			isa = XCConfigurationList;
			buildConfigurations = (
				139DB32F1CD060770047671D /* Debug */,
				139DB3301CD060770047671D /* Release */,
			);
			defaultConfigurationIsVisible = 0;
		};
		139DB3311CD060770047671D /* Build configuration list for PBXNativeTarget "03-Swift中调用OCUITests" */ = {
			isa = XCConfigurationList;
			buildConfigurations = (
				139DB3321CD060770047671D /* Debug */,
				139DB3331CD060770047671D /* Release */,
			);
			defaultConfigurationIsVisible = 0;
		};
/* End XCConfigurationList section */
	};
	rootObject = 139DB2FB1CD060770047671D /* Project object */;
}
